
Microsoft Visual Studio Solution File, Format Version 12.00
# Visual Studio Version 17
VisualStudioVersion = 17.3.32922.545
MinimumVisualStudioVersion = 10.0.40219.1
Project("{9A19103F-16F7-4668-BE54-9A1E7A4F7556}") = "BasicAuth", "BasicAuth\BasicAuth.csproj", "{E7015156-AC5A-467A-91CC-2B15CE8C6515}"
EndProject
Project("{FAE04EC0-301F-11D3-BF4B-00C04F79EFBC}") = "BasicAuthBearerToken", "BasicAuthBearerToken\BasicAuthBearerToken.csproj", "{8DA6CE1C-A60F-472E-9AF4-3E80D51FC679}"
EndProject
Project("{FAE04EC0-301F-11D3-BF4B-00C04F79EFBC}") = "JwtAuthWebApi", "JwtAuthWebApi\JwtAuthWebApi.csproj", "{72FE3FBC-BA86-4BF0-88E8-6CBDB2E9D8C9}"
EndProject
Global
	GlobalSection(SolutionConfigurationPlatforms) = preSolution
		Debug|Any CPU = Debug|Any CPU
		Release|Any CPU = Release|Any CPU
	EndGlobalSection
	GlobalSection(ProjectConfigurationPlatforms) = postSolution
		{E7015156-AC5A-467A-91CC-2B15CE8C6515}.Debug|Any CPU.ActiveCfg = Debug|Any CPU
		{E7015156-AC5A-467A-91CC-2B15CE8C6515}.Debug|Any CPU.Build.0 = Debug|Any CPU
		{E7015156-AC5A-467A-91CC-2B15CE8C6515}.Release|Any CPU.ActiveCfg = Release|Any CPU
		{E7015156-AC5A-467A-91CC-2B15CE8C6515}.Release|Any CPU.Build.0 = Release|Any CPU
		{8DA6CE1C-A60F-472E-9AF4-3E80D51FC679}.Debug|Any CPU.ActiveCfg = Debug|Any CPU
		{8DA6CE1C-A60F-472E-9AF4-3E80D51FC679}.Debug|Any CPU.Build.0 = Debug|Any CPU
		{8DA6CE1C-A60F-472E-9AF4-3E80D51FC679}.Release|Any CPU.ActiveCfg = Release|Any CPU
		{8DA6CE1C-A60F-472E-9AF4-3E80D51FC679}.Release|Any CPU.Build.0 = Release|Any CPU
		{72FE3FBC-BA86-4BF0-88E8-6CBDB2E9D8C9}.Debug|Any CPU.ActiveCfg = Debug|Any CPU
		{72FE3FBC-BA86-4BF0-88E8-6CBDB2E9D8C9}.Debug|Any CPU.Build.0 = Debug|Any CPU
		{72FE3FBC-BA86-4BF0-88E8-6CBDB2E9D8C9}.Release|Any CPU.ActiveCfg = Release|Any CPU
		{72FE3FBC-BA86-4BF0-88E8-6CBDB2E9D8C9}.Release|Any CPU.Build.0 = Release|Any CPU
	EndGlobalSection
	GlobalSection(SolutionProperties) = preSolution
		HideSolutionNode = FALSE
	EndGlobalSection
	GlobalSection(ExtensibilityGlobals) = postSolution
		SolutionGuid = {68A0DC69-EAB7-4861-ADC5-4E63C7B18912}
	EndGlobalSection
EndGlobal
